// !$*UTF8*$!
{
	archiveVersion = 1;
	classes = {
	};
	objectVersion = 77;
	objects = {

/* Begin PBXBuildFile section */
		7CFC51EA2F33DACC0086D687 /* FirebaseCore in Frameworks */ = {isa = PBXBuildFile; productRef = 7CFC51E92F33DACC0086D687 /* FirebaseCore */; };
		7CFC51EC2F33DACC0086D687 /* FirebaseFirestore in Frameworks */ = {isa = PBXBuildFile; productRef = 7CFC51EB2F33DACC0086D687 /* FirebaseFirestore */; };
		7CFC51F72F33E9000086D687 /* FirebaseAuth in Frameworks */ = {isa = PBXBuildFile; productRef = 7CFC51F62F33E9000086D687 /* FirebaseAuth */; };
		7CFC52122F33F93E0086D687 /* GoogleSignIn in Frameworks */ = {isa = PBXBuildFile; productRef = 7CFC52112F33F93E0086D687 /* GoogleSignIn */; };
		7CFC52142F33F93E0086D687 /* GoogleSignInSwift in Frameworks */ = {isa = PBXBuildFile; productRef = 7CFC52132F33F93E0086D687 /* GoogleSignInSwift */; };
/* End PBXBuildFile section */

/* Begin PBXContainerItemProxy section */
		7CFC516D2F3378CD0086D687 /* PBXContainerItemProxy */ = {
			isa = PBXContainerItemProxy;
			containerPortal = 7CFC51552F3378CB0086D687 /* Project object */;
			proxyType = 1;
			remoteGlobalIDString = 7CFC515C2F3378CB0086D687;
			remoteInfo = KidBox;
		};
		7CFC51772F3378CD0086D687 /* PBXContainerItemProxy */ = {
			isa = PBXContainerItemProxy;
			containerPortal = 7CFC51552F3378CB0086D687 /* Project object */;
			proxyType = 1;
			remoteGlobalIDString = 7CFC515C2F3378CB0086D687;
			remoteInfo = KidBox;
		};
/* End PBXContainerItemProxy section */

/* Begin PBXFileReference section */
		7CFC515D2F3378CB0086D687 /* KidBox.app */ = {isa = PBXFileReference; explicitFileType = wrapper.application; includeInIndex = 0; path = KidBox.app; sourceTree = BUILT_PRODUCTS_DIR; };
		7CFC516C2F3378CD0086D687 /* KidBoxTests.xctest */ = {isa = PBXFileReference; explicitFileType = wrapper.cfbundle; includeInIndex = 0; path = KidBoxTests.xctest; sourceTree = BUILT_PRODUCTS_DIR; };
		7CFC51762F3378CD0086D687 /* KidBoxUITests.xctest */ = {isa = PBXFileReference; explicitFileType = wrapper.cfbundle; includeInIndex = 0; path = KidBoxUITests.xctest; sourceTree = BUILT_PRODUCTS_DIR; };
/* End PBXFileReference section */

/* Begin PBXFileSystemSynchronizedBuildFileExceptionSet section */
		7CFC52162F33F98E0086D687 /* Exceptions for "KidBox" folder in "KidBox" target */ = {
			isa = PBXFileSystemSynchronizedBuildFileExceptionSet;
			membershipExceptions = (
				Info.plist,
			);
			target = 7CFC515C2F3378CB0086D687 /* KidBox */;
		};
/* End PBXFileSystemSynchronizedBuildFileExceptionSet section */

/* Begin PBXFileSystemSynchronizedRootGroup section */
		7CFC515F2F3378CB0086D687 /* KidBox */ = {
			isa = PBXFileSystemSynchronizedRootGroup;
			exceptions = (
				7CFC52162F33F98E0086D687 /* Exceptions for "KidBox" folder in "KidBox" target */,
			);
			path = KidBox;
			sourceTree = "<group>";
		};
		7CFC516F2F3378CD0086D687 /* KidBoxTests */ = {
			isa = PBXFileSystemSynchronizedRootGroup;
			path = KidBoxTests;
			sourceTree = "<group>";
		};
		7CFC51792F3378CD0086D687 /* KidBoxUITests */ = {
			isa = PBXFileSystemSynchronizedRootGroup;
			path = KidBoxUITests;
			sourceTree = "<group>";
		};
/* End PBXFileSystemSynchronizedRootGroup section */

/* Begin PBXFrameworksBuildPhase section */
		7CFC515A2F3378CB0086D687 /* Frameworks */ = {
			isa = PBXFrameworksBuildPhase;
			buildActionMask = 2147483647;
			files = (
				7CFC52142F33F93E0086D687 /* GoogleSignInSwift in Frameworks */,
				7CFC51EA2F33DACC0086D687 /* FirebaseCore in Frameworks */,
				7CFC52122F33F93E0086D687 /* GoogleSignIn in Frameworks */,
				7CFC51F72F33E9000086D687 /* FirebaseAuth in Frameworks */,
				7CFC51EC2F33DACC0086D687 /* FirebaseFirestore in Frameworks */,
			);
			runOnlyForDeploymentPostprocessing = 0;
		};
		7CFC51692F3378CD0086D687 /* Frameworks */ = {
			isa = PBXFrameworksBuildPhase;
			buildActionMask = 2147483647;
			files = (
			);
			runOnlyForDeploymentPostprocessing = 0;
		};
		7CFC51732F3378CD0086D687 /* Frameworks */ = {
			isa = PBXFrameworksBuildPhase;
			buildActionMask = 2147483647;
			files = (
			);
			runOnlyForDeploymentPostprocessing = 0;
		};
/* End PBXFrameworksBuildPhase section */

/* Begin PBXGroup section */
		7CFC51542F3378CB0086D687 = {
			isa = PBXGroup;
			children = (
				7CFC515F2F3378CB0086D687 /* KidBox */,
				7CFC516F2F3378CD0086D687 /* KidBoxTests */,
				7CFC51792F3378CD0086D687 /* KidBoxUITests */,
				7CFC51F52F33E9000086D687 /* Frameworks */,
				7CFC515E2F3378CB0086D687 /* Products */,
			);
			sourceTree = "<group>";
		};
		7CFC515E2F3378CB0086D687 /* Products */ = {
			isa = PBXGroup;
			children = (
				7CFC515D2F3378CB0086D687 /* KidBox.app */,
				7CFC516C2F3378CD0086D687 /* KidBoxTests.xctest */,
				7CFC51762F3378CD0086D687 /* KidBoxUITests.xctest */,
			);
			name = Products;
			sourceTree = "<group>";
		};
		7CFC51F52F33E9000086D687 /* Frameworks */ = {
			isa = PBXGroup;
			children = (
			);
			name = Frameworks;
			sourceTree = "<group>";
		};
/* End PBXGroup section */

/* Begin PBXNativeTarget section */
		7CFC515C2F3378CB0086D687 /* KidBox */ = {
			isa = PBXNativeTarget;
			buildConfigurationList = 7CFC51802F3378CD0086D687 /* Build configuration list for PBXNativeTarget "KidBox" */;
			buildPhases = (
				7CFC51592F3378CB0086D687 /* Sources */,
				7CFC515A2F3378CB0086D687 /* Frameworks */,
				7CFC515B2F3378CB0086D687 /* Resources */,
			);
			buildRules = (
			);
			dependencies = (
			);
			fileSystemSynchronizedGroups = (
				7CFC515F2F3378CB0086D687 /* KidBox */,
			);
			name = KidBox;
			packageProductDependencies = (
				7CFC51E92F33DACC0086D687 /* FirebaseCore */,
				7CFC51EB2F33DACC0086D687 /* FirebaseFirestore */,
				7CFC51F62F33E9000086D687 /* FirebaseAuth */,
				7CFC52112F33F93E0086D687 /* GoogleSignIn */,
				7CFC52132F33F93E0086D687 /* GoogleSignInSwift */,
			);
			productName = KidBox;
			productReference = 7CFC515D2F3378CB0086D687 /* KidBox.app */;
			productType = "com.apple.product-type.application";
		};
		7CFC516B2F3378CD0086D687 /* KidBoxTests */ = {
			isa = PBXNativeTarget;
			buildConfigurationList = 7CFC51832F3378CD0086D687 /* Build configuration list for PBXNativeTarget "KidBoxTests" */;
			buildPhases = (
				7CFC51682F3378CD0086D687 /* Sources */,
				7CFC51692F3378CD0086D687 /* Frameworks */,
				7CFC516A2F3378CD0086D687 /* Resources */,
			);
			buildRules = (
			);
			dependencies = (
				7CFC516E2F3378CD0086D687 /* PBXTargetDependency */,
			);
			fileSystemSynchronizedGroups = (
				7CFC516F2F3378CD0086D687 /* KidBoxTests */,
			);
			name = KidBoxTests;
			packageProductDependencies = (
			);
			productName = KidBoxTests;
			productReference = 7CFC516C2F3378CD0086D687 /* KidBoxTests.xctest */;
			productType = "com.apple.product-type.bundle.unit-test";
		};
		7CFC51752F3378CD0086D687 /* KidBoxUITests */ = {
			isa = PBXNativeTarget;
			buildConfigurationList = 7CFC51862F3378CD0086D687 /* Build configuration list for PBXNativeTarget "KidBoxUITests" */;
			buildPhases = (
				7CFC51722F3378CD0086D687 /* Sources */,
				7CFC51732F3378CD0086D687 /* Frameworks */,
				7CFC51742F3378CD0086D687 /* Resources */,
			);
			buildRules = (
			);
			dependencies = (
				7CFC51782F3378CD0086D687 /* PBXTargetDependency */,
			);
			fileSystemSynchronizedGroups = (
				7CFC51792F3378CD0086D687 /* KidBoxUITests */,
			);
			name = KidBoxUITests;
			packageProductDependencies = (
			);
			productName = KidBoxUITests;
			productReference = 7CFC51762F3378CD0086D687 /* KidBoxUITests.xctest */;
			productType = "com.apple.product-type.bundle.ui-testing";
		};
/* End PBXNativeTarget section */

/* Begin PBXProject section */
		7CFC51552F3378CB0086D687 /* Project object */ = {
			isa = PBXProject;
			attributes = {
				BuildIndependentTargetsInParallel = 1;
				LastSwiftUpdateCheck = 2620;
				LastUpgradeCheck = 2620;
				TargetAttributes = {
					7CFC515C2F3378CB0086D687 = {
						CreatedOnToolsVersion = 26.2;
					};
					7CFC516B2F3378CD0086D687 = {
						CreatedOnToolsVersion = 26.2;
						TestTargetID = 7CFC515C2F3378CB0086D687;
					};
					7CFC51752F3378CD0086D687 = {
						CreatedOnToolsVersion = 26.2;
						TestTargetID = 7CFC515C2F3378CB0086D687;
					};
				};
			};
			buildConfigurationList = 7CFC51582F3378CB0086D687 /* Build configuration list for PBXProject "KidBox" */;
			developmentRegion = en;
			hasScannedForEncodings = 0;
			knownRegions = (
				en,
				Base,
			);
			mainGroup = 7CFC51542F3378CB0086D687;
			minimizedProjectReferenceProxies = 1;
			packageReferences = (
				7CFC51E82F33DACC0086D687 /* XCRemoteSwiftPackageReference "firebase-ios-sdk" */,
				7CFC52102F33F93E0086D687 /* XCRemoteSwiftPackageReference "GoogleSignIn-iOS" */,
			);
			preferredProjectObjectVersion = 77;
			productRefGroup = 7CFC515E2F3378CB0086D687 /* Products */;
			projectDirPath = "";
			projectRoot = "";
			targets = (
				7CFC515C2F3378CB0086D687 /* KidBox */,
				7CFC516B2F3378CD0086D687 /* KidBoxTests */,
				7CFC51752F3378CD0086D687 /* KidBoxUITests */,
			);
		};
/* End PBXProject section */

/* Begin PBXResourcesBuildPhase section */
		7CFC515B2F3378CB0086D687 /* Resources */ = {
			isa = PBXResourcesBuildPhase;
			buildActionMask = 2147483647;
			files = (
			);
			runOnlyForDeploymentPostprocessing = 0;
		};
		7CFC516A2F3378CD0086D687 /* Resources */ = {
			isa = PBXResourcesBuildPhase;
			buildActionMask = 2147483647;
			files = (
			);
			runOnlyForDeploymentPostprocessing = 0;
		};
		7CFC51742F3378CD0086D687 /* Resources */ = {
			isa = PBXResourcesBuildPhase;
			buildActionMask = 2147483647;
			files = (
			);
			runOnlyForDeploymentPostprocessing = 0;
		};
/* End PBXResourcesBuildPhase section */

/* Begin PBXSourcesBuildPhase section */
		7CFC51592F3378CB0086D687 /* Sources */ = {
			isa = PBXSourcesBuildPhase;
			buildActionMask = 2147483647;
			files = (
			);
			runOnlyForDeploymentPostprocessing = 0;
		};
		7CFC51682F3378CD0086D687 /* Sources */ = {
			isa = PBXSourcesBuildPhase;
			buildActionMask = 2147483647;
			files = (
			);
			runOnlyForDeploymentPostprocessing = 0;
		};
		7CFC51722F3378CD0086D687 /* Sources */ = {
			isa = PBXSourcesBuildPhase;
			buildActionMask = 2147483647;
			files = (
			);
			runOnlyForDeploymentPostprocessing = 0;
		};
/* End PBXSourcesBuildPhase section */

/* Begin PBXTargetDependency section */
		7CFC516E2F3378CD0086D687 /* PBXTargetDependency */ = {
			isa = PBXTargetDependency;
			target = 7CFC515C2F3378CB0086D687 /* KidBox */;
			targetProxy = 7CFC516D2F3378CD0086D687 /* PBXContainerItemProxy */;
		};
		7CFC51782F3378CD0086D687 /* PBXTargetDependency */ = {
			isa = PBXTargetDependency;
			target = 7CFC515C2F3378CB0086D687 /* KidBox */;
			targetProxy = 7CFC51772F3378CD0086D687 /* PBXContainerItemProxy */;
		};
/* End PBXTargetDependency section */

/* Begin XCBuildConfiguration section */
		7CFC517E2F3378CD0086D687 /* Debug */ = {
			isa = XCBuildConfiguration;
			buildSettings = {
				ALWAYS_SEARCH_USER_PATHS = NO;
				ASSETCATALOG_COMPILER_GENERATE_SWIFT_ASSET_SYMBOL_EXTENSIONS = YES;
				CLANG_ANALYZER_NONNULL = YES;
				CLANG_ANALYZER_NUMBER_OBJECT_CONVERSION = YES_AGGRESSIVE;
				CLANG_CXX_LANGUAGE_STANDARD = "gnu++20";
				CLANG_ENABLE_MODULES = YES;
				CLANG_ENABLE_OBJC_ARC = YES;
				CLANG_ENABLE_OBJC_WEAK = YES;
				CLANG_WARN_BLOCK_CAPTURE_AUTORELEASING = YES;
				CLANG_WARN_BOOL_CONVERSION = YES;
				CLANG_WARN_COMMA = YES;
				CLANG_WARN_CONSTANT_CONVERSION = YES;
				CLANG_WARN_DEPRECATED_OBJC_IMPLEMENTATIONS = YES;
				CLANG_WARN_DIRECT_OBJC_ISA_USAGE = YES_ERROR;
				CLANG_WARN_DOCUMENTATION_COMMENTS = YES;
				CLANG_WARN_EMPTY_BODY = YES;
				CLANG_WARN_ENUM_CONVERSION = YES;
				CLANG_WARN_INFINITE_RECURSION = YES;
				CLANG_WARN_INT_CONVERSION = YES;
				CLANG_WARN_NON_LITERAL_NULL_CONVERSION = YES;
				CLANG_WARN_OBJC_IMPLICIT_RETAIN_SELF = YES;
				CLANG_WARN_OBJC_LITERAL_CONVERSION = YES;
				CLANG_WARN_OBJC_ROOT_CLASS = YES_ERROR;
				CLANG_WARN_QUOTED_INCLUDE_IN_FRAMEWORK_HEADER = YES;
				CLANG_WARN_RANGE_LOOP_ANALYSIS = YES;
				CLANG_WARN_STRICT_PROTOTYPES = YES;
				CLANG_WARN_SUSPICIOUS_MOVE = YES;
				CLANG_WARN_UNGUARDED_AVAILABILITY = YES_AGGRESSIVE;
				CLANG_WARN_UNREACHABLE_CODE = YES;
				CLANG_WARN__DUPLICATE_METHOD_MATCH = YES;
				COPY_PHASE_STRIP = NO;
				DEBUG_INFORMATION_FORMAT = dwarf;
				DEVELOPMENT_TEAM = 5WA8KG2G2W;
				ENABLE_STRICT_OBJC_MSGSEND = YES;
				ENABLE_TESTABILITY = YES;
				ENABLE_USER_SCRIPT_SANDBOXING = YES;
				GCC_C_LANGUAGE_STANDARD = gnu17;
				GCC_DYNAMIC_NO_PIC = NO;
				GCC_NO_COMMON_BLOCKS = YES;
				GCC_OPTIMIZATION_LEVEL = 0;
				GCC_PREPROCESSOR_DEFINITIONS = (
					"DEBUG=1",
					"$(inherited)",
				);
				GCC_WARN_64_TO_32_BIT_CONVERSION = YES;
				GCC_WARN_ABOUT_RETURN_TYPE = YES_ERROR;
				GCC_WARN_UNDECLARED_SELECTOR = YES;
				GCC_WARN_UNINITIALIZED_AUTOS = YES_AGGRESSIVE;
				GCC_WARN_UNUSED_FUNCTION = YES;
				GCC_WARN_UNUSED_VARIABLE = YES;
				LOCALIZATION_PREFERS_STRING_CATALOGS = YES;
				MTL_ENABLE_DEBUG_INFO = INCLUDE_SOURCE;
				MTL_FAST_MATH = YES;
				ONLY_ACTIVE_ARCH = YES;
				SWIFT_ACTIVE_COMPILATION_CONDITIONS = "DEBUG $(inherited)";
				SWIFT_OPTIMIZATION_LEVEL = "-Onone";
			};
			name = Debug;
		};
		7CFC517F2F3378CD0086D687 /* Release */ = {
			isa = XCBuildConfiguration;
			buildSettings = {
				ALWAYS_SEARCH_USER_PATHS = NO;
				ASSETCATALOG_COMPILER_GENERATE_SWIFT_ASSET_SYMBOL_EXTENSIONS = YES;
				CLANG_ANALYZER_NONNULL = YES;
				CLANG_ANALYZER_NUMBER_OBJECT_CONVERSION = YES_AGGRESSIVE;
				CLANG_CXX_LANGUAGE_STANDARD = "gnu++20";
				CLANG_ENABLE_MODULES = YES;
				CLANG_ENABLE_OBJC_ARC = YES;
				CLANG_ENABLE_OBJC_WEAK = YES;
				CLANG_WARN_BLOCK_CAPTURE_AUTORELEASING = YES;
				CLANG_WARN_BOOL_CONVERSION = YES;
				CLANG_WARN_COMMA = YES;
				CLANG_WARN_CONSTANT_CONVERSION = YES;
				CLANG_WARN_DEPRECATED_OBJC_IMPLEMENTATIONS = YES;
				CLANG_WARN_DIRECT_OBJC_ISA_USAGE = YES_ERROR;
				CLANG_WARN_DOCUMENTATION_COMMENTS = YES;
				CLANG_WARN_EMPTY_BODY = YES;
				CLANG_WARN_ENUM_CONVERSION = YES;
				CLANG_WARN_INFINITE_RECURSION = YES;
				CLANG_WARN_INT_CONVERSION = YES;
				CLANG_WARN_NON_LITERAL_NULL_CONVERSION = YES;
				CLANG_WARN_OBJC_IMPLICIT_RETAIN_SELF = YES;
				CLANG_WARN_OBJC_LITERAL_CONVERSION = YES;
				CLANG_WARN_OBJC_ROOT_CLASS = YES_ERROR;
				CLANG_WARN_QUOTED_INCLUDE_IN_FRAMEWORK_HEADER = YES;
				CLANG_WARN_RANGE_LOOP_ANALYSIS = YES;
				CLANG_WARN_STRICT_PROTOTYPES = YES;
				CLANG_WARN_SUSPICIOUS_MOVE = YES;
				CLANG_WARN_UNGUARDED_AVAILABILITY = YES_AGGRESSIVE;
				CLANG_WARN_UNREACHABLE_CODE = YES;
				CLANG_WARN__DUPLICATE_METHOD_MATCH = YES;
				COPY_PHASE_STRIP = NO;
				DEBUG_INFORMATION_FORMAT = "dwarf-with-dsym";
				DEVELOPMENT_TEAM = 5WA8KG2G2W;
				ENABLE_NS_ASSERTIONS = NO;
				ENABLE_STRICT_OBJC_MSGSEND = YES;
				ENABLE_USER_SCRIPT_SANDBOXING = YES;
				GCC_C_LANGUAGE_STANDARD = gnu17;
				GCC_NO_COMMON_BLOCKS = YES;
				GCC_WARN_64_TO_32_BIT_CONVERSION = YES;
				GCC_WARN_ABOUT_RETURN_TYPE = YES_ERROR;
				GCC_WARN_UNDECLARED_SELECTOR = YES;
				GCC_WARN_UNINITIALIZED_AUTOS = YES_AGGRESSIVE;
				GCC_WARN_UNUSED_FUNCTION = YES;
				GCC_WARN_UNUSED_VARIABLE = YES;
				LOCALIZATION_PREFERS_STRING_CATALOGS = YES;
				MTL_ENABLE_DEBUG_INFO = NO;
				MTL_FAST_MATH = YES;
				SWIFT_COMPILATION_MODE = wholemodule;
			};
			name = Release;
		};
		7CFC51812F3378CD0086D687 /* Debug */ = {
			isa = XCBuildConfiguration;
			buildSettings = {
				ASSETCATALOG_COMPILER_APPICON_NAME = AppIcon;
				ASSETCATALOG_COMPILER_GLOBAL_ACCENT_COLOR_NAME = AccentColor;
				CODE_SIGN_ENTITLEMENTS = KidBox/KidBox.entitlements;
				CODE_SIGN_STYLE = Automatic;
				CURRENT_PROJECT_VERSION = 1;
				DEVELOPMENT_TEAM = 5WA8KG2G2W;
				ENABLE_APP_SANDBOX = YES;
				ENABLE_HARDENED_RUNTIME = YES;
				ENABLE_PREVIEWS = YES;
				ENABLE_USER_SELECTED_FILES = readonly;
				GENERATE_INFOPLIST_FILE = YES;
				INFOPLIST_FILE = KidBox/Info.plist;
				"INFOPLIST_KEY_UIApplicationSceneManifest_Generation[sdk=iphoneos*]" = YES;
				"INFOPLIST_KEY_UIApplicationSceneManifest_Generation[sdk=iphonesimulator*]" = YES;
				"INFOPLIST_KEY_UIApplicationSupportsIndirectInputEvents[sdk=iphoneos*]" = YES;
				"INFOPLIST_KEY_UIApplicationSupportsIndirectInputEvents[sdk=iphonesimulator*]" = YES;
				"INFOPLIST_KEY_UILaunchScreen_Generation[sdk=iphoneos*]" = YES;
				"INFOPLIST_KEY_UILaunchScreen_Generation[sdk=iphonesimulator*]" = YES;
				"INFOPLIST_KEY_UIStatusBarStyle[sdk=iphoneos*]" = UIStatusBarStyleDefault;
				"INFOPLIST_KEY_UIStatusBarStyle[sdk=iphonesimulator*]" = UIStatusBarStyleDefault;
				INFOPLIST_KEY_UISupportedInterfaceOrientations_iPad = "UIInterfaceOrientationPortrait UIInterfaceOrientationPortraitUpsideDown UIInterfaceOrientationLandscapeLeft UIInterfaceOrientationLandscapeRight";
				INFOPLIST_KEY_UISupportedInterfaceOrientations_iPhone = "UIInterfaceOrientationPortrait UIInterfaceOrientationLandscapeLeft UIInterfaceOrientationLandscapeRight";
				IPHONEOS_DEPLOYMENT_TARGET = 26.2;
				LD_RUNPATH_SEARCH_PATHS = "@executable_path/Frameworks";
				"LD_RUNPATH_SEARCH_PATHS[sdk=macosx*]" = "@executable_path/../Frameworks";
				MACOSX_DEPLOYMENT_TARGET = 26.2;
				MARKETING_VERSION = 1.0;
				PRODUCT_BUNDLE_IDENTIFIER = it.vittorioscocca.KidBox;
				PRODUCT_NAME = "$(TARGET_NAME)";
				REGISTER_APP_GROUPS = YES;
				SDKROOT = auto;
				STRING_CATALOG_GENERATE_SYMBOLS = YES;
				SUPPORTED_PLATFORMS = "iphoneos iphonesimulator macosx xros xrsimulator";
				SWIFT_APPROACHABLE_CONCURRENCY = YES;
				SWIFT_DEFAULT_ACTOR_ISOLATION = MainActor;
				SWIFT_EMIT_LOC_STRINGS = YES;
				SWIFT_UPCOMING_FEATURE_MEMBER_IMPORT_VISIBILITY = YES;
				SWIFT_VERSION = 5.0;
				TARGETED_DEVICE_FAMILY = "1,2,7";
				XROS_DEPLOYMENT_TARGET = 26.2;
			};
			name = Debug;
		};
		7CFC51822F3378CD0086D687 /* Release */ = {
			isa = XCBuildConfiguration;
			buildSettings = {
				ASSETCATALOG_COMPILER_APPICON_NAME = AppIcon;
				ASSETCATALOG_COMPILER_GLOBAL_ACCENT_COLOR_NAME = AccentColor;
				CODE_SIGN_ENTITLEMENTS = KidBox/KidBox.entitlements;
				CODE_SIGN_STYLE = Automatic;
				CURRENT_PROJECT_VERSION = 1;
				DEVELOPMENT_TEAM = 5WA8KG2G2W;
				ENABLE_APP_SANDBOX = YES;
				ENABLE_HARDENED_RUNTIME = YES;
				ENABLE_PREVIEWS = YES;
				ENABLE_USER_SELECTED_FILES = readonly;
				GENERATE_INFOPLIST_FILE = YES;
				INFOPLIST_FILE = KidBox/Info.plist;
				"INFOPLIST_KEY_UIApplicationSceneManifest_Generation[sdk=iphoneos*]" = YES;
				"INFOPLIST_KEY_UIApplicationSceneManifest_Generation[sdk=iphonesimulator*]" = YES;
				"INFOPLIST_KEY_UIApplicationSupportsIndirectInputEvents[sdk=iphoneos*]" = YES;
				"INFOPLIST_KEY_UIApplicationSupportsIndirectInputEvents[sdk=iphonesimulator*]" = YES;
				"INFOPLIST_KEY_UILaunchScreen_Generation[sdk=iphoneos*]" = YES;
				"INFOPLIST_KEY_UILaunchScreen_Generation[sdk=iphonesimulator*]" = YES;
				"INFOPLIST_KEY_UIStatusBarStyle[sdk=iphoneos*]" = UIStatusBarStyleDefault;
				"INFOPLIST_KEY_UIStatusBarStyle[sdk=iphonesimulator*]" = UIStatusBarStyleDefault;
				INFOPLIST_KEY_UISupportedInterfaceOrientations_iPad = "UIInterfaceOrientationPortrait UIInterfaceOrientationPortraitUpsideDown UIInterfaceOrientationLandscapeLeft UIInterfaceOrientationLandscapeRight";
				INFOPLIST_KEY_UISupportedInterfaceOrientations_iPhone = "UIInterfaceOrientationPortrait UIInterfaceOrientationLandscapeLeft UIInterfaceOrientationLandscapeRight";
				IPHONEOS_DEPLOYMENT_TARGET = 26.2;
				LD_RUNPATH_SEARCH_PATHS = "@executable_path/Frameworks";
				"LD_RUNPATH_SEARCH_PATHS[sdk=macosx*]" = "@executable_path/../Frameworks";
				MACOSX_DEPLOYMENT_TARGET = 26.2;
				MARKETING_VERSION = 1.0;
				PRODUCT_BUNDLE_IDENTIFIER = it.vittorioscocca.KidBox;
				PRODUCT_NAME = "$(TARGET_NAME)";
				REGISTER_APP_GROUPS = YES;
				SDKROOT = auto;
				STRING_CATALOG_GENERATE_SYMBOLS = YES;
				SUPPORTED_PLATFORMS = "iphoneos iphonesimulator macosx xros xrsimulator";
				SWIFT_APPROACHABLE_CONCURRENCY = YES;
				SWIFT_DEFAULT_ACTOR_ISOLATION = MainActor;
				SWIFT_EMIT_LOC_STRINGS = YES;
				SWIFT_UPCOMING_FEATURE_MEMBER_IMPORT_VISIBILITY = YES;
				SWIFT_VERSION = 5.0;
				TARGETED_DEVICE_FAMILY = "1,2,7";
				XROS_DEPLOYMENT_TARGET = 26.2;
			};
			name = Release;
		};
		7CFC51842F3378CD0086D687 /* Debug */ = {
			isa = XCBuildConfiguration;
			buildSettings = {
				BUNDLE_LOADER = "$(TEST_HOST)";
				CODE_SIGN_STYLE = Automatic;
				CURRENT_PROJECT_VERSION = 1;
				DEVELOPMENT_TEAM = 5WA8KG2G2W;
				GENERATE_INFOPLIST_FILE = YES;
				IPHONEOS_DEPLOYMENT_TARGET = 26.2;
				MACOSX_DEPLOYMENT_TARGET = 26.2;
				MARKETING_VERSION = 1.0;
				PRODUCT_BUNDLE_IDENTIFIER = it.vittorioscocca.KidBoxTests;
				PRODUCT_NAME = "$(TARGET_NAME)";
				SDKROOT = auto;
				STRING_CATALOG_GENERATE_SYMBOLS = NO;
				SUPPORTED_PLATFORMS = "iphoneos iphonesimulator macosx xros xrsimulator";
				SWIFT_APPROACHABLE_CONCURRENCY = YES;
				SWIFT_EMIT_LOC_STRINGS = NO;
				SWIFT_UPCOMING_FEATURE_MEMBER_IMPORT_VISIBILITY = YES;
				SWIFT_VERSION = 5.0;
				TARGETED_DEVICE_FAMILY = "1,2,7";
				TEST_HOST = "$(BUILT_PRODUCTS_DIR)/KidBox.app/$(BUNDLE_EXECUTABLE_FOLDER_PATH)/KidBox";
				XROS_DEPLOYMENT_TARGET = 26.2;
			};
			name = Debug;
		};
		7CFC51852F3378CD0086D687 /* Release */ = {
			isa = XCBuildConfiguration;
			buildSettings = {
				BUNDLE_LOADER = "$(TEST_HOST)";
				CODE_SIGN_STYLE = Automatic;
				CURRENT_PROJECT_VERSION = 1;
				DEVELOPMENT_TEAM = 5WA8KG2G2W;
				GENERATE_INFOPLIST_FILE = YES;
				IPHONEOS_DEPLOYMENT_TARGET = 26.2;
				MACOSX_DEPLOYMENT_TARGET = 26.2;
				MARKETING_VERSION = 1.0;
				PRODUCT_BUNDLE_IDENTIFIER = it.vittorioscocca.KidBoxTests;
				PRODUCT_NAME = "$(TARGET_NAME)";
				SDKROOT = auto;
				STRING_CATALOG_GENERATE_SYMBOLS = NO;
				SUPPORTED_PLATFORMS = "iphoneos iphonesimulator macosx xros xrsimulator";
				SWIFT_APPROACHABLE_CONCURRENCY = YES;
				SWIFT_EMIT_LOC_STRINGS = NO;
				SWIFT_UPCOMING_FEATURE_MEMBER_IMPORT_VISIBILITY = YES;
				SWIFT_VERSION = 5.0;
				TARGETED_DEVICE_FAMILY = "1,2,7";
				TEST_HOST = "$(BUILT_PRODUCTS_DIR)/KidBox.app/$(BUNDLE_EXECUTABLE_FOLDER_PATH)/KidBox";
				XROS_DEPLOYMENT_TARGET = 26.2;
			};
			name = Release;
		};
		7CFC51872F3378CD0086D687 /* Debug */ = {
			isa = XCBuildConfiguration;
			buildSettings = {
				CODE_SIGN_STYLE = Automatic;
				CURRENT_PROJECT_VERSION = 1;
				DEVELOPMENT_TEAM = 5WA8KG2G2W;
				GENERATE_INFOPLIST_FILE = YES;
				IPHONEOS_DEPLOYMENT_TARGET = 26.2;
				MACOSX_DEPLOYMENT_TARGET = 26.2;
				MARKETING_VERSION = 1.0;
				PRODUCT_BUNDLE_IDENTIFIER = it.vittorioscocca.KidBoxUITests;
				PRODUCT_NAME = "$(TARGET_NAME)";
				SDKROOT = auto;
				STRING_CATALOG_GENERATE_SYMBOLS = NO;
				SUPPORTED_PLATFORMS = "iphoneos iphonesimulator macosx xros xrsimulator";
				SWIFT_APPROACHABLE_CONCURRENCY = YES;
				SWIFT_EMIT_LOC_STRINGS = NO;
				SWIFT_UPCOMING_FEATURE_MEMBER_IMPORT_VISIBILITY = YES;
				SWIFT_VERSION = 5.0;
				TARGETED_DEVICE_FAMILY = "1,2,7";
				TEST_TARGET_NAME = KidBox;
				XROS_DEPLOYMENT_TARGET = 26.2;
			};
			name = Debug;
		};
		7CFC51882F3378CD0086D687 /* Release */ = {
			isa = XCBuildConfiguration;
			buildSettings = {
				CODE_SIGN_STYLE = Automatic;
				CURRENT_PROJECT_VERSION = 1;
				DEVELOPMENT_TEAM = 5WA8KG2G2W;
				GENERATE_INFOPLIST_FILE = YES;
				IPHONEOS_DEPLOYMENT_TARGET = 26.2;
				MACOSX_DEPLOYMENT_TARGET = 26.2;
				MARKETING_VERSION = 1.0;
				PRODUCT_BUNDLE_IDENTIFIER = it.vittorioscocca.KidBoxUITests;
				PRODUCT_NAME = "$(TARGET_NAME)";
				SDKROOT = auto;
				STRING_CATALOG_GENERATE_SYMBOLS = NO;
				SUPPORTED_PLATFORMS = "iphoneos iphonesimulator macosx xros xrsimulator";
				SWIFT_APPROACHABLE_CONCURRENCY = YES;
				SWIFT_EMIT_LOC_STRINGS = NO;
				SWIFT_UPCOMING_FEATURE_MEMBER_IMPORT_VISIBILITY = YES;
				SWIFT_VERSION = 5.0;
				TARGETED_DEVICE_FAMILY = "1,2,7";
				TEST_TARGET_NAME = KidBox;
				XROS_DEPLOYMENT_TARGET = 26.2;
			};
			name = Release;
		};
/* End XCBuildConfiguration section */

/* Begin XCConfigurationList section */
		7CFC51582F3378CB0086D687 /* Build configuration list for PBXProject "KidBox" */ = {
			isa = XCConfigurationList;
			buildConfigurations = (
				7CFC517E2F3378CD0086D687 /* Debug */,
				7CFC517F2F3378CD0086D687 /* Release */,
			);
			defaultConfigurationIsVisible = 0;
			defaultConfigurationName = Release;
		};
		7CFC51802F3378CD0086D687 /* Build configuration list for PBXNativeTarget "KidBox" */ = {
			isa = XCConfigurationList;
			buildConfigurations = (
				7CFC51812F3378CD0086D687 /* Debug */,
				7CFC51822F3378CD0086D687 /* Release */,
			);
			defaultConfigurationIsVisible = 0;
			defaultConfigurationName = Release;
		};
		7CFC51832F3378CD0086D687 /* Build configuration list for PBXNativeTarget "KidBoxTests" */ = {
			isa = XCConfigurationList;
			buildConfigurations = (
				7CFC51842F3378CD0086D687 /* Debug */,
				7CFC51852F3378CD0086D687 /* Release */,
			);
			defaultConfigurationIsVisible = 0;
			defaultConfigurationName = Release;
		};
		7CFC51862F3378CD0086D687 /* Build configuration list for PBXNativeTarget "KidBoxUITests" */ = {
			isa = XCConfigurationList;
			buildConfigurations = (
				7CFC51872F3378CD0086D687 /* Debug */,
				7CFC51882F3378CD0086D687 /* Release */,
			);
			defaultConfigurationIsVisible = 0;
			defaultConfigurationName = Release;
		};
/* End XCConfigurationList section */

/* Begin XCRemoteSwiftPackageReference section */
		7CFC51E82F33DACC0086D687 /* XCRemoteSwiftPackageReference "firebase-ios-sdk" */ = {
			isa = XCRemoteSwiftPackageReference;
			repositoryURL = "https://github.com/firebase/firebase-ios-sdk.git";
			requirement = {
				kind = upToNextMajorVersion;
				minimumVersion = 12.9.0;
			};
		};
		7CFC52102F33F93E0086D687 /* XCRemoteSwiftPackageReference "GoogleSignIn-iOS" */ = {
			isa = XCRemoteSwiftPackageReference;
			repositoryURL = "https://github.com/google/GoogleSignIn-iOS";
			requirement = {
				kind = upToNextMajorVersion;
				minimumVersion = 9.1.0;
			};
		};
/* End XCRemoteSwiftPackageReference section */

/* Begin XCSwiftPackageProductDependency section */
		7CFC51E92F33DACC0086D687 /* FirebaseCore */ = {
			isa = XCSwiftPackageProductDependency;
			package = 7CFC51E82F33DACC0086D687 /* XCRemoteSwiftPackageReference "firebase-ios-sdk" */;
			productName = FirebaseCore;
		};
		7CFC51EB2F33DACC0086D687 /* FirebaseFirestore */ = {
			isa = XCSwiftPackageProductDependency;
			package = 7CFC51E82F33DACC0086D687 /* XCRemoteSwiftPackageReference "firebase-ios-sdk" */;
			productName = FirebaseFirestore;
		};
		7CFC51F62F33E9000086D687 /* FirebaseAuth */ = {
			isa = XCSwiftPackageProductDependency;
			package = 7CFC51E82F33DACC0086D687 /* XCRemoteSwiftPackageReference "firebase-ios-sdk" */;
			productName = FirebaseAuth;
		};
		7CFC52112F33F93E0086D687 /* GoogleSignIn */ = {
			isa = XCSwiftPackageProductDependency;
			package = 7CFC52102F33F93E0086D687 /* XCRemoteSwiftPackageReference "GoogleSignIn-iOS" */;
			productName = GoogleSignIn;
		};
		7CFC52132F33F93E0086D687 /* GoogleSignInSwift */ = {
			isa = XCSwiftPackageProductDependency;
			package = 7CFC52102F33F93E0086D687 /* XCRemoteSwiftPackageReference "GoogleSignIn-iOS" */;
			productName = GoogleSignInSwift;
		};
/* End XCSwiftPackageProductDependency section */
	};
	rootObject = 7CFC51552F3378CB0086D687 /* Project object */;
}
